
Microsoft Visual Studio Solution File, Format Version 12.00
# Visual Studio 15
VisualStudioVersion = 15.0.28307.329
MinimumVisualStudioVersion = 10.0.40219.1
Project("{FAE04EC0-301F-11D3-BF4B-00C04F79EFBC}") = "Dog", "Dog\Dog.csproj", "{978055BD-FD3E-442E-8AA8-E9C6F938DA9E}"
EndProject
Global
	GlobalSection(SolutionConfigurationPlatforms) = preSolution
		Debug|Any CPU = Debug|Any CPU
		Release|Any CPU = Release|Any CPU
	EndGlobalSection
	GlobalSection(ProjectConfigurationPlatforms) = postSolution
		{978055BD-FD3E-442E-8AA8-E9C6F938DA9E}.Debug|Any CPU.ActiveCfg = Debug|Any CPU
		{978055BD-FD3E-442E-8AA8-E9C6F938DA9E}.Debug|Any CPU.Build.0 = Debug|Any CPU
		{978055BD-FD3E-442E-8AA8-E9C6F938DA9E}.Release|Any CPU.ActiveCfg = Release|Any CPU
		{978055BD-FD3E-442E-8AA8-E9C6F938DA9E}.Release|Any CPU.Build.0 = Release|Any CPU
	EndGlobalSection
	GlobalSection(SolutionProperties) = preSolution
		HideSolutionNode = FALSE
	EndGlobalSection
	GlobalSection(ExtensibilityGlobals) = postSolution
		SolutionGuid = {0D0B39CC-642C-4144-9B67-399CDFDFF1F4}
	EndGlobalSection
EndGlobal
